// !$*UTF8*$!
{
	archiveVersion = 1;
	classes = {
	};
	objectVersion = 46;
	objects = {

/* Begin PBXBuildFile section */
		07E529BB1E1F35DB0032B03D /* AppDelegate.swift in Sources */ = {isa = PBXBuildFile; fileRef = 07E529BA1E1F35DB0032B03D /* AppDelegate.swift */; };
		07E529BD1E1F35DB0032B03D /* ViewController.swift in Sources */ = {isa = PBXBuildFile; fileRef = 07E529BC1E1F35DB0032B03D /* ViewController.swift */; };
		07E529C01E1F35DB0032B03D /* Main.storyboard in Resources */ = {isa = PBXBuildFile; fileRef = 07E529BE1E1F35DB0032B03D /* Main.storyboard */; };
		07E529C21E1F35DB0032B03D /* Assets.xcassets in Resources */ = {isa = PBXBuildFile; fileRef = 07E529C11E1F35DB0032B03D /* Assets.xcassets */; };
		07E529C51E1F35DB0032B03D /* LaunchScreen.storyboard in Resources */ = {isa = PBXBuildFile; fileRef = 07E529C31E1F35DB0032B03D /* LaunchScreen.storyboard */; };
		07E529D01E1F35DB0032B03D /* LibraryTests.swift in Sources */ = {isa = PBXBuildFile; fileRef = 07E529CF1E1F35DB0032B03D /* LibraryTests.swift */; };
		07E529DB1E1F35DB0032B03D /* LibraryUITests.swift in Sources */ = {isa = PBXBuildFile; fileRef = 07E529DA1E1F35DB0032B03D /* LibraryUITests.swift */; };
/* End PBXBuildFile section */

/* Begin PBXContainerItemProxy section */
		07E529CC1E1F35DB0032B03D /* PBXContainerItemProxy */ = {
			isa = PBXContainerItemProxy;
			containerPortal = 07E529AF1E1F35DB0032B03D /* Project object */;
			proxyType = 1;
			remoteGlobalIDString = 07E529B61E1F35DB0032B03D;
			remoteInfo = Library;
		};
		07E529D71E1F35DB0032B03D /* PBXContainerItemProxy */ = {
			isa = PBXContainerItemProxy;
			containerPortal = 07E529AF1E1F35DB0032B03D /* Project object */;
			proxyType = 1;
			remoteGlobalIDString = 07E529B61E1F35DB0032B03D;
			remoteInfo = Library;
		};
/* End PBXContainerItemProxy section */

/* Begin PBXFileReference section */
		07E529B71E1F35DB0032B03D /* Library.app */ = {isa = PBXFileReference; explicitFileType = wrapper.application; includeInIndex = 0; path = Library.app; sourceTree = BUILT_PRODUCTS_DIR; };
		07E529BA1E1F35DB0032B03D /* AppDelegate.swift */ = {isa = PBXFileReference; lastKnownFileType = sourcecode.swift; path = AppDelegate.swift; sourceTree = "<group>"; };
		07E529BC1E1F35DB0032B03D /* ViewController.swift */ = {isa = PBXFileReference; lastKnownFileType = sourcecode.swift; path = ViewController.swift; sourceTree = "<group>"; };
		07E529BF1E1F35DB0032B03D /* Base */ = {isa = PBXFileReference; lastKnownFileType = file.storyboard; name = Base; path = Base.lproj/Main.storyboard; sourceTree = "<group>"; };
		07E529C11E1F35DB0032B03D /* Assets.xcassets */ = {isa = PBXFileReference; lastKnownFileType = folder.assetcatalog; path = Assets.xcassets; sourceTree = "<group>"; };
		07E529C41E1F35DB0032B03D /* Base */ = {isa = PBXFileReference; lastKnownFileType = file.storyboard; name = Base; path = Base.lproj/LaunchScreen.storyboard; sourceTree = "<group>"; };
		07E529C61E1F35DB0032B03D /* Info.plist */ = {isa = PBXFileReference; lastKnownFileType = text.plist.xml; path = Info.plist; sourceTree = "<group>"; };
		07E529CB1E1F35DB0032B03D /* LibraryTests.xctest */ = {isa = PBXFileReference; explicitFileType = wrapper.cfbundle; includeInIndex = 0; path = LibraryTests.xctest; sourceTree = BUILT_PRODUCTS_DIR; };
		07E529CF1E1F35DB0032B03D /* LibraryTests.swift */ = {isa = PBXFileReference; lastKnownFileType = sourcecode.swift; path = LibraryTests.swift; sourceTree = "<group>"; };
		07E529D11E1F35DB0032B03D /* Info.plist */ = {isa = PBXFileReference; lastKnownFileType = text.plist.xml; path = Info.plist; sourceTree = "<group>"; };
		07E529D61E1F35DB0032B03D /* LibraryUITests.xctest */ = {isa = PBXFileReference; explicitFileType = wrapper.cfbundle; includeInIndex = 0; path = LibraryUITests.xctest; sourceTree = BUILT_PRODUCTS_DIR; };
		07E529DA1E1F35DB0032B03D /* LibraryUITests.swift */ = {isa = PBXFileReference; lastKnownFileType = sourcecode.swift; path = LibraryUITests.swift; sourceTree = "<group>"; };
		07E529DC1E1F35DB0032B03D /* Info.plist */ = {isa = PBXFileReference; lastKnownFileType = text.plist.xml; path = Info.plist; sourceTree = "<group>"; };
/* End PBXFileReference section */

/* Begin PBXFrameworksBuildPhase section */
		07E529B41E1F35DB0032B03D /* Frameworks */ = {
			isa = PBXFrameworksBuildPhase;
			buildActionMask = 2147483647;
			files = (
			);
			runOnlyForDeploymentPostprocessing = 0;
		};
		07E529C81E1F35DB0032B03D /* Frameworks */ = {
			isa = PBXFrameworksBuildPhase;
			buildActionMask = 2147483647;
			files = (
			);
			runOnlyForDeploymentPostprocessing = 0;
		};
		07E529D31E1F35DB0032B03D /* Frameworks */ = {
			isa = PBXFrameworksBuildPhase;
			buildActionMask = 2147483647;
			files = (
			);
			runOnlyForDeploymentPostprocessing = 0;
		};
/* End PBXFrameworksBuildPhase section */

/* Begin PBXGroup section */
		07E529AE1E1F35DB0032B03D = {
			isa = PBXGroup;
			children = (
				07E529B91E1F35DB0032B03D /* Library */,
				07E529CE1E1F35DB0032B03D /* LibraryTests */,
				07E529D91E1F35DB0032B03D /* LibraryUITests */,
				07E529B81E1F35DB0032B03D /* Products */,
			);
			sourceTree = "<group>";
		};
		07E529B81E1F35DB0032B03D /* Products */ = {
			isa = PBXGroup;
			children = (
				07E529B71E1F35DB0032B03D /* Library.app */,
				07E529CB1E1F35DB0032B03D /* LibraryTests.xctest */,
				07E529D61E1F35DB0032B03D /* LibraryUITests.xctest */,
			);
			name = Products;
			sourceTree = "<group>";
		};
		07E529B91E1F35DB0032B03D /* Library */ = {
			isa = PBXGroup;
			children = (
				07E529BA1E1F35DB0032B03D /* AppDelegate.swift */,
				07E529BC1E1F35DB0032B03D /* ViewController.swift */,
				07E529BE1E1F35DB0032B03D /* Main.storyboard */,
				07E529C11E1F35DB0032B03D /* Assets.xcassets */,
				07E529C31E1F35DB0032B03D /* LaunchScreen.storyboard */,
				07E529C61E1F35DB0032B03D /* Info.plist */,
			);
			path = Library;
			sourceTree = "<group>";
		};
		07E529CE1E1F35DB0032B03D /* LibraryTests */ = {
			isa = PBXGroup;
			children = (
				07E529CF1E1F35DB0032B03D /* LibraryTests.swift */,
				07E529D11E1F35DB0032B03D /* Info.plist */,
			);
			path = LibraryTests;
			sourceTree = "<group>";
		};
		07E529D91E1F35DB0032B03D /* LibraryUITests */ = {
			isa = PBXGroup;
			children = (
				07E529DA1E1F35DB0032B03D /* LibraryUITests.swift */,
				07E529DC1E1F35DB0032B03D /* Info.plist */,
			);
			path = LibraryUITests;
			sourceTree = "<group>";
		};
/* End PBXGroup section */

/* Begin PBXNativeTarget section */
		07E529B61E1F35DB0032B03D /* Library */ = {
			isa = PBXNativeTarget;
			buildConfigurationList = 07E529DF1E1F35DB0032B03D /* Build configuration list for PBXNativeTarget "Library" */;
			buildPhases = (
				07E529B31E1F35DB0032B03D /* Sources */,
				07E529B41E1F35DB0032B03D /* Frameworks */,
				07E529B51E1F35DB0032B03D /* Resources */,
			);
			buildRules = (
			);
			dependencies = (
			);
			name = Library;
			productName = Library;
			productReference = 07E529B71E1F35DB0032B03D /* Library.app */;
			productType = "com.apple.product-type.application";
		};
		07E529CA1E1F35DB0032B03D /* LibraryTests */ = {
			isa = PBXNativeTarget;
			buildConfigurationList = 07E529E21E1F35DB0032B03D /* Build configuration list for PBXNativeTarget "LibraryTests" */;
			buildPhases = (
				07E529C71E1F35DB0032B03D /* Sources */,
				07E529C81E1F35DB0032B03D /* Frameworks */,
				07E529C91E1F35DB0032B03D /* Resources */,
			);
			buildRules = (
			);
			dependencies = (
				07E529CD1E1F35DB0032B03D /* PBXTargetDependency */,
			);
			name = LibraryTests;
			productName = LibraryTests;
			productReference = 07E529CB1E1F35DB0032B03D /* LibraryTests.xctest */;
			productType = "com.apple.product-type.bundle.unit-test";
		};
		07E529D51E1F35DB0032B03D /* LibraryUITests */ = {
			isa = PBXNativeTarget;
			buildConfigurationList = 07E529E51E1F35DB0032B03D /* Build configuration list for PBXNativeTarget "LibraryUITests" */;
			buildPhases = (
				07E529D21E1F35DB0032B03D /* Sources */,
				07E529D31E1F35DB0032B03D /* Frameworks */,
				07E529D41E1F35DB0032B03D /* Resources */,
			);
			buildRules = (
			);
			dependencies = (
				07E529D81E1F35DB0032B03D /* PBXTargetDependency */,
			);
			name = LibraryUITests;
			productName = LibraryUITests;
			productReference = 07E529D61E1F35DB0032B03D /* LibraryUITests.xctest */;
			productType = "com.apple.product-type.bundle.ui-testing";
		};
/* End PBXNativeTarget section */

/* Begin PBXProject section */
		07E529AF1E1F35DB0032B03D /* Project object */ = {
			isa = PBXProject;
			attributes = {
				LastSwiftUpdateCheck = 0820;
				LastUpgradeCheck = 0820;
				ORGANIZATIONNAME = dssafsfsd;
				TargetAttributes = {
					07E529B61E1F35DB0032B03D = {
						CreatedOnToolsVersion = 8.2.1;
						ProvisioningStyle = Automatic;
					};
					07E529CA1E1F35DB0032B03D = {
						CreatedOnToolsVersion = 8.2.1;
						ProvisioningStyle = Automatic;
						TestTargetID = 07E529B61E1F35DB0032B03D;
					};
					07E529D51E1F35DB0032B03D = {
						CreatedOnToolsVersion = 8.2.1;
						ProvisioningStyle = Automatic;
						TestTargetID = 07E529B61E1F35DB0032B03D;
					};
				};
			};
			buildConfigurationList = 07E529B21E1F35DB0032B03D /* Build configuration list for PBXProject "Library" */;
			compatibilityVersion = "Xcode 3.2";
			developmentRegion = English;
			hasScannedForEncodings = 0;
			knownRegions = (
				en,
				Base,
			);
			mainGroup = 07E529AE1E1F35DB0032B03D;
			productRefGroup = 07E529B81E1F35DB0032B03D /* Products */;
			projectDirPath = "";
			projectRoot = "";
			targets = (
				07E529B61E1F35DB0032B03D /* Library */,
				07E529CA1E1F35DB0032B03D /* LibraryTests */,
				07E529D51E1F35DB0032B03D /* LibraryUITests */,
			);
		};
/* End PBXProject section */

/* Begin PBXResourcesBuildPhase section */
		07E529B51E1F35DB0032B03D /* Resources */ = {
			isa = PBXResourcesBuildPhase;
			buildActionMask = 2147483647;
			files = (
				07E529C51E1F35DB0032B03D /* LaunchScreen.storyboard in Resources */,
				07E529C21E1F35DB0032B03D /* Assets.xcassets in Resources */,
				07E529C01E1F35DB0032B03D /* Main.storyboard in Resources */,
			);
			runOnlyForDeploymentPostprocessing = 0;
		};
		07E529C91E1F35DB0032B03D /* Resources */ = {
			isa = PBXResourcesBuildPhase;
			buildActionMask = 2147483647;
			files = (
			);
			runOnlyForDeploymentPostprocessing = 0;
		};
		07E529D41E1F35DB0032B03D /* Resources */ = {
			isa = PBXResourcesBuildPhase;
			buildActionMask = 2147483647;
			files = (
			);
			runOnlyForDeploymentPostprocessing = 0;
		};
/* End PBXResourcesBuildPhase section */

/* Begin PBXSourcesBuildPhase section */
		07E529B31E1F35DB0032B03D /* Sources */ = {
			isa = PBXSourcesBuildPhase;
			buildActionMask = 2147483647;
			files = (
				07E529BD1E1F35DB0032B03D /* ViewController.swift in Sources */,
				07E529BB1E1F35DB0032B03D /* AppDelegate.swift in Sources */,
			);
			runOnlyForDeploymentPostprocessing = 0;
		};
		07E529C71E1F35DB0032B03D /* Sources */ = {
			isa = PBXSourcesBuildPhase;
			buildActionMask = 2147483647;
			files = (
				07E529D01E1F35DB0032B03D /* LibraryTests.swift in Sources */,
			);
			runOnlyForDeploymentPostprocessing = 0;
		};
		07E529D21E1F35DB0032B03D /* Sources */ = {
			isa = PBXSourcesBuildPhase;
			buildActionMask = 2147483647;
			files = (
				07E529DB1E1F35DB0032B03D /* LibraryUITests.swift in Sources */,
			);
			runOnlyForDeploymentPostprocessing = 0;
		};
/* End PBXSourcesBuildPhase section */

/* Begin PBXTargetDependency section */
		07E529CD1E1F35DB0032B03D /* PBXTargetDependency */ = {
			isa = PBXTargetDependency;
			target = 07E529B61E1F35DB0032B03D /* Library */;
			targetProxy = 07E529CC1E1F35DB0032B03D /* PBXContainerItemProxy */;
		};
		07E529D81E1F35DB0032B03D /* PBXTargetDependency */ = {
			isa = PBXTargetDependency;
			target = 07E529B61E1F35DB0032B03D /* Library */;
			targetProxy = 07E529D71E1F35DB0032B03D /* PBXContainerItemProxy */;
		};
/* End PBXTargetDependency section */

/* Begin PBXVariantGroup section */
		07E529BE1E1F35DB0032B03D /* Main.storyboard */ = {
			isa = PBXVariantGroup;
			children = (
				07E529BF1E1F35DB0032B03D /* Base */,
			);
			name = Main.storyboard;
			sourceTree = "<group>";
		};
		07E529C31E1F35DB0032B03D /* LaunchScreen.storyboard */ = {
			isa = PBXVariantGroup;
			children = (
				07E529C41E1F35DB0032B03D /* Base */,
			);
			name = LaunchScreen.storyboard;
			sourceTree = "<group>";
		};
/* End PBXVariantGroup section */

/* Begin XCBuildConfiguration section */
		07E529DD1E1F35DB0032B03D /* Debug */ = {
			isa = XCBuildConfiguration;
			buildSettings = {
				ALWAYS_SEARCH_USER_PATHS = NO;
				CLANG_ANALYZER_NONNULL = YES;
				CLANG_CXX_LANGUAGE_STANDARD = "gnu++0x";
				CLANG_CXX_LIBRARY = "libc++";
				CLANG_ENABLE_MODULES = YES;
				CLANG_ENABLE_OBJC_ARC = YES;
				CLANG_WARN_BOOL_CONVERSION = YES;
				CLANG_WARN_CONSTANT_CONVERSION = YES;
				CLANG_WARN_DIRECT_OBJC_ISA_USAGE = YES_ERROR;
				CLANG_WARN_DOCUMENTATION_COMMENTS = YES;
				CLANG_WARN_EMPTY_BODY = YES;
				CLANG_WARN_ENUM_CONVERSION = YES;
				CLANG_WARN_INFINITE_RECURSION = YES;
				CLANG_WARN_INT_CONVERSION = YES;
				CLANG_WARN_OBJC_ROOT_CLASS = YES_ERROR;
				CLANG_WARN_SUSPICIOUS_MOVE = YES;
				CLANG_WARN_UNREACHABLE_CODE = YES;
				CLANG_WARN__DUPLICATE_METHOD_MATCH = YES;
				"CODE_SIGN_IDENTITY[sdk=iphoneos*]" = "iPhone Developer";
				COPY_PHASE_STRIP = NO;
				DEBUG_INFORMATION_FORMAT = dwarf;
				ENABLE_STRICT_OBJC_MSGSEND = YES;
				ENABLE_TESTABILITY = YES;
				GCC_C_LANGUAGE_STANDARD = gnu99;
				GCC_DYNAMIC_NO_PIC = NO;
				GCC_NO_COMMON_BLOCKS = YES;
				GCC_OPTIMIZATION_LEVEL = 0;
				GCC_PREPROCESSOR_DEFINITIONS = (
					"DEBUG=1",
					"$(inherited)",
				);
				GCC_WARN_64_TO_32_BIT_CONVERSION = YES;
				GCC_WARN_ABOUT_RETURN_TYPE = YES_ERROR;
				GCC_WARN_UNDECLARED_SELECTOR = YES;
				GCC_WARN_UNINITIALIZED_AUTOS = YES_AGGRESSIVE;
				GCC_WARN_UNUSED_FUNCTION = YES;
				GCC_WARN_UNUSED_VARIABLE = YES;
				IPHONEOS_DEPLOYMENT_TARGET = 10.2;
				MTL_ENABLE_DEBUG_INFO = YES;
				ONLY_ACTIVE_ARCH = YES;
				SDKROOT = iphoneos;
				SWIFT_ACTIVE_COMPILATION_CONDITIONS = DEBUG;
				SWIFT_OPTIMIZATION_LEVEL = "-Onone";
				TARGETED_DEVICE_FAMILY = "1,2";
			};
			name = Debug;
		};
		07E529DE1E1F35DB0032B03D /* Release */ = {
			isa = XCBuildConfiguration;
			buildSettings = {
				ALWAYS_SEARCH_USER_PATHS = NO;
				CLANG_ANALYZER_NONNULL = YES;
				CLANG_CXX_LANGUAGE_STANDARD = "gnu++0x";
				CLANG_CXX_LIBRARY = "libc++";
				CLANG_ENABLE_MODULES = YES;
				CLANG_ENABLE_OBJC_ARC = YES;
				CLANG_WARN_BOOL_CONVERSION = YES;
				CLANG_WARN_CONSTANT_CONVERSION = YES;
				CLANG_WARN_DIRECT_OBJC_ISA_USAGE = YES_ERROR;
				CLANG_WARN_DOCUMENTATION_COMMENTS = YES;
				CLANG_WARN_EMPTY_BODY = YES;
				CLANG_WARN_ENUM_CONVERSION = YES;
				CLANG_WARN_INFINITE_RECURSION = YES;
				CLANG_WARN_INT_CONVERSION = YES;
				CLANG_WARN_OBJC_ROOT_CLASS = YES_ERROR;
				CLANG_WARN_SUSPICIOUS_MOVE = YES;
				CLANG_WARN_UNREACHABLE_CODE = YES;
				CLANG_WARN__DUPLICATE_METHOD_MATCH = YES;
				"CODE_SIGN_IDENTITY[sdk=iphoneos*]" = "iPhone Developer";
				COPY_PHASE_STRIP = NO;
				DEBUG_INFORMATION_FORMAT = "dwarf-with-dsym";
				ENABLE_NS_ASSERTIONS = NO;
				ENABLE_STRICT_OBJC_MSGSEND = YES;
				GCC_C_LANGUAGE_STANDARD = gnu99;
				GCC_NO_COMMON_BLOCKS = YES;
				GCC_WARN_64_TO_32_BIT_CONVERSION = YES;
				GCC_WARN_ABOUT_RETURN_TYPE = YES_ERROR;
				GCC_WARN_UNDECLARED_SELECTOR = YES;
				GCC_WARN_UNINITIALIZED_AUTOS = YES_AGGRESSIVE;
				GCC_WARN_UNUSED_FUNCTION = YES;
				GCC_WARN_UNUSED_VARIABLE = YES;
				IPHONEOS_DEPLOYMENT_TARGET = 10.2;
				MTL_ENABLE_DEBUG_INFO = NO;
				SDKROOT = iphoneos;
				SWIFT_OPTIMIZATION_LEVEL = "-Owholemodule";
				TARGETED_DEVICE_FAMILY = "1,2";
				VALIDATE_PRODUCT = YES;
			};
			name = Release;
		};
		07E529E01E1F35DB0032B03D /* Debug */ = {
			isa = XCBuildConfiguration;
			buildSettings = {
				ASSETCATALOG_COMPILER_APPICON_NAME = AppIcon;
				INFOPLIST_FILE = Library/Info.plist;
				LD_RUNPATH_SEARCH_PATHS = "$(inherited) @executable_path/Frameworks";
				PRODUCT_BUNDLE_IDENTIFIER = dsafdsfads.Library;
				PRODUCT_NAME = "$(TARGET_NAME)";
				SWIFT_VERSION = 3.0;
			};
			name = Debug;
		};
		07E529E11E1F35DB0032B03D /* Release */ = {
			isa = XCBuildConfiguration;
			buildSettings = {
				ASSETCATALOG_COMPILER_APPICON_NAME = AppIcon;
				INFOPLIST_FILE = Library/Info.plist;
				LD_RUNPATH_SEARCH_PATHS = "$(inherited) @executable_path/Frameworks";
				PRODUCT_BUNDLE_IDENTIFIER = dsafdsfads.Library;
				PRODUCT_NAME = "$(TARGET_NAME)";
				SWIFT_VERSION = 3.0;
			};
			name = Release;
		};
		07E529E31E1F35DB0032B03D /* Debug */ = {
			isa = XCBuildConfiguration;
			buildSettings = {
				ALWAYS_EMBED_SWIFT_STANDARD_LIBRARIES = YES;
				BUNDLE_LOADER = "$(TEST_HOST)";
				INFOPLIST_FILE = LibraryTests/Info.plist;
				LD_RUNPATH_SEARCH_PATHS = "$(inherited) @executable_path/Frameworks @loader_path/Frameworks";
				PRODUCT_BUNDLE_IDENTIFIER = dsafdsfads.LibraryTests;
				PRODUCT_NAME = "$(TARGET_NAME)";
				SWIFT_VERSION = 3.0;
				TEST_HOST = "$(BUILT_PRODUCTS_DIR)/Library.app/Library";
			};
			name = Debug;
		};
		07E529E41E1F35DB0032B03D /* Release */ = {
			isa = XCBuildConfiguration;
			buildSettings = {
				ALWAYS_EMBED_SWIFT_STANDARD_LIBRARIES = YES;
				BUNDLE_LOADER = "$(TEST_HOST)";
				INFOPLIST_FILE = LibraryTests/Info.plist;
				LD_RUNPATH_SEARCH_PATHS = "$(inherited) @executable_path/Frameworks @loader_path/Frameworks";
				PRODUCT_BUNDLE_IDENTIFIER = dsafdsfads.LibraryTests;
				PRODUCT_NAME = "$(TARGET_NAME)";
				SWIFT_VERSION = 3.0;
				TEST_HOST = "$(BUILT_PRODUCTS_DIR)/Library.app/Library";
			};
			name = Release;
		};
		07E529E61E1F35DB0032B03D /* Debug */ = {
			isa = XCBuildConfiguration;
			buildSettings = {
				ALWAYS_EMBED_SWIFT_STANDARD_LIBRARIES = YES;
				INFOPLIST_FILE = LibraryUITests/Info.plist;
				LD_RUNPATH_SEARCH_PATHS = "$(inherited) @executable_path/Frameworks @loader_path/Frameworks";
				PRODUCT_BUNDLE_IDENTIFIER = dsafdsfads.LibraryUITests;
				PRODUCT_NAME = "$(TARGET_NAME)";
				SWIFT_VERSION = 3.0;
				TEST_TARGET_NAME = Library;
			};
			name = Debug;
		};
		07E529E71E1F35DB0032B03D /* Release */ = {
			isa = XCBuildConfiguration;
			buildSettings = {
				ALWAYS_EMBED_SWIFT_STANDARD_LIBRARIES = YES;
				INFOPLIST_FILE = LibraryUITests/Info.plist;
				LD_RUNPATH_SEARCH_PATHS = "$(inherited) @executable_path/Frameworks @loader_path/Frameworks";
				PRODUCT_BUNDLE_IDENTIFIER = dsafdsfads.LibraryUITests;
				PRODUCT_NAME = "$(TARGET_NAME)";
				SWIFT_VERSION = 3.0;
				TEST_TARGET_NAME = Library;
			};
			name = Release;
		};
/* End XCBuildConfiguration section */

/* Begin XCConfigurationList section */
		07E529B21E1F35DB0032B03D /* Build configuration list for PBXProject "Library" */ = {
			isa = XCConfigurationList;
			buildConfigurations = (
				07E529DD1E1F35DB0032B03D /* Debug */,
				07E529DE1E1F35DB0032B03D /* Release */,
			);
			defaultConfigurationIsVisible = 0;
			defaultConfigurationName = Release;
		};
		07E529DF1E1F35DB0032B03D /* Build configuration list for PBXNativeTarget "Library" */ = {
			isa = XCConfigurationList;
			buildConfigurations = (
				07E529E01E1F35DB0032B03D /* Debug */,
				07E529E11E1F35DB0032B03D /* Release */,
			);
			defaultConfigurationIsVisible = 0;
		};
		07E529E21E1F35DB0032B03D /* Build configuration list for PBXNativeTarget "LibraryTests" */ = {
			isa = XCConfigurationList;
			buildConfigurations = (
				07E529E31E1F35DB0032B03D /* Debug */,
				07E529E41E1F35DB0032B03D /* Release */,
			);
			defaultConfigurationIsVisible = 0;
		};
		07E529E51E1F35DB0032B03D /* Build configuration list for PBXNativeTarget "LibraryUITests" */ = {
			isa = XCConfigurationList;
			buildConfigurations = (
				07E529E61E1F35DB0032B03D /* Debug */,
				07E529E71E1F35DB0032B03D /* Release */,
			);
			defaultConfigurationIsVisible = 0;
		};
/* End XCConfigurationList section */
	};
	rootObject = 07E529AF1E1F35DB0032B03D /* Project object */;
}
